// !$*UTF8*$!
{
	archiveVersion = 1;
	classes = {
	};
	objectVersion = 50;
	objects = {

/* Begin PBXBuildFile section */
		8AEDC41725891E569D8F0DB9 /* Pods_ScreenScraper.framework in Frameworks */ = {isa = PBXBuildFile; fileRef = B27B84B4D57DD99466EEDD65 /* Pods_ScreenScraper.framework */; };
		ED3E7E6E220DFDEC00E7FE4E /* AppDelegate.swift in Sources */ = {isa = PBXBuildFile; fileRef = ED3E7E6D220DFDEC00E7FE4E /* AppDelegate.swift */; };
		ED3E7E70220DFDEC00E7FE4E /* ViewController.swift in Sources */ = {isa = PBXBuildFile; fileRef = ED3E7E6F220DFDEC00E7FE4E /* ViewController.swift */; };
		ED3E7E73220DFDEC00E7FE4E /* Main.storyboard in Resources */ = {isa = PBXBuildFile; fileRef = ED3E7E71220DFDEC00E7FE4E /* Main.storyboard */; };
		ED3E7E75220DFDF100E7FE4E /* Assets.xcassets in Resources */ = {isa = PBXBuildFile; fileRef = ED3E7E74220DFDF100E7FE4E /* Assets.xcassets */; };
		ED3E7E78220DFDF100E7FE4E /* LaunchScreen.storyboard in Resources */ = {isa = PBXBuildFile; fileRef = ED3E7E76220DFDF100E7FE4E /* LaunchScreen.storyboard */; };
		ED3E7E83220DFDF100E7FE4E /* ScreenScraperTests.swift in Sources */ = {isa = PBXBuildFile; fileRef = ED3E7E82220DFDF100E7FE4E /* ScreenScraperTests.swift */; };
		ED3E7E8E220DFDF100E7FE4E /* ScreenScraperUITests.swift in Sources */ = {isa = PBXBuildFile; fileRef = ED3E7E8D220DFDF100E7FE4E /* ScreenScraperUITests.swift */; };
		ED3E7E9C220DFE2D00E7FE4E /* ShowWebViewController.swift in Sources */ = {isa = PBXBuildFile; fileRef = ED3E7E9B220DFE2D00E7FE4E /* ShowWebViewController.swift */; };
		ED3E7EA0220DFEED00E7FE4E /* Grade.swift in Sources */ = {isa = PBXBuildFile; fileRef = ED3E7E9F220DFEED00E7FE4E /* Grade.swift */; };
/* End PBXBuildFile section */

/* Begin PBXContainerItemProxy section */
		ED3E7E7F220DFDF100E7FE4E /* PBXContainerItemProxy */ = {
			isa = PBXContainerItemProxy;
			containerPortal = ED3E7E62220DFDEC00E7FE4E /* Project object */;
			proxyType = 1;
			remoteGlobalIDString = ED3E7E69220DFDEC00E7FE4E;
			remoteInfo = ScreenScraper;
		};
		ED3E7E8A220DFDF100E7FE4E /* PBXContainerItemProxy */ = {
			isa = PBXContainerItemProxy;
			containerPortal = ED3E7E62220DFDEC00E7FE4E /* Project object */;
			proxyType = 1;
			remoteGlobalIDString = ED3E7E69220DFDEC00E7FE4E;
			remoteInfo = ScreenScraper;
		};
/* End PBXContainerItemProxy section */

/* Begin PBXFileReference section */
		B27B84B4D57DD99466EEDD65 /* Pods_ScreenScraper.framework */ = {isa = PBXFileReference; explicitFileType = wrapper.framework; includeInIndex = 0; path = Pods_ScreenScraper.framework; sourceTree = BUILT_PRODUCTS_DIR; };
		CF7A050F98BB8EC798655124 /* Pods-ScreenScraper.release.xcconfig */ = {isa = PBXFileReference; includeInIndex = 1; lastKnownFileType = text.xcconfig; name = "Pods-ScreenScraper.release.xcconfig"; path = "Target Support Files/Pods-ScreenScraper/Pods-ScreenScraper.release.xcconfig"; sourceTree = "<group>"; };
		E33CE124D7CF61670FA1A634 /* Pods-ScreenScraper.debug.xcconfig */ = {isa = PBXFileReference; includeInIndex = 1; lastKnownFileType = text.xcconfig; name = "Pods-ScreenScraper.debug.xcconfig"; path = "Target Support Files/Pods-ScreenScraper/Pods-ScreenScraper.debug.xcconfig"; sourceTree = "<group>"; };
		ED3E7E6A220DFDEC00E7FE4E /* ScreenScraper.app */ = {isa = PBXFileReference; explicitFileType = wrapper.application; includeInIndex = 0; path = ScreenScraper.app; sourceTree = BUILT_PRODUCTS_DIR; };
		ED3E7E6D220DFDEC00E7FE4E /* AppDelegate.swift */ = {isa = PBXFileReference; lastKnownFileType = sourcecode.swift; path = AppDelegate.swift; sourceTree = "<group>"; };
		ED3E7E6F220DFDEC00E7FE4E /* ViewController.swift */ = {isa = PBXFileReference; lastKnownFileType = sourcecode.swift; path = ViewController.swift; sourceTree = "<group>"; };
		ED3E7E72220DFDEC00E7FE4E /* Base */ = {isa = PBXFileReference; lastKnownFileType = file.storyboard; name = Base; path = Base.lproj/Main.storyboard; sourceTree = "<group>"; };
		ED3E7E74220DFDF100E7FE4E /* Assets.xcassets */ = {isa = PBXFileReference; lastKnownFileType = folder.assetcatalog; path = Assets.xcassets; sourceTree = "<group>"; };
		ED3E7E77220DFDF100E7FE4E /* Base */ = {isa = PBXFileReference; lastKnownFileType = file.storyboard; name = Base; path = Base.lproj/LaunchScreen.storyboard; sourceTree = "<group>"; };
		ED3E7E79220DFDF100E7FE4E /* Info.plist */ = {isa = PBXFileReference; lastKnownFileType = text.plist.xml; path = Info.plist; sourceTree = "<group>"; };
		ED3E7E7E220DFDF100E7FE4E /* ScreenScraperTests.xctest */ = {isa = PBXFileReference; explicitFileType = wrapper.cfbundle; includeInIndex = 0; path = ScreenScraperTests.xctest; sourceTree = BUILT_PRODUCTS_DIR; };
		ED3E7E82220DFDF100E7FE4E /* ScreenScraperTests.swift */ = {isa = PBXFileReference; lastKnownFileType = sourcecode.swift; path = ScreenScraperTests.swift; sourceTree = "<group>"; };
		ED3E7E84220DFDF100E7FE4E /* Info.plist */ = {isa = PBXFileReference; lastKnownFileType = text.plist.xml; path = Info.plist; sourceTree = "<group>"; };
		ED3E7E89220DFDF100E7FE4E /* ScreenScraperUITests.xctest */ = {isa = PBXFileReference; explicitFileType = wrapper.cfbundle; includeInIndex = 0; path = ScreenScraperUITests.xctest; sourceTree = BUILT_PRODUCTS_DIR; };
		ED3E7E8D220DFDF100E7FE4E /* ScreenScraperUITests.swift */ = {isa = PBXFileReference; lastKnownFileType = sourcecode.swift; path = ScreenScraperUITests.swift; sourceTree = "<group>"; };
		ED3E7E8F220DFDF100E7FE4E /* Info.plist */ = {isa = PBXFileReference; lastKnownFileType = text.plist.xml; path = Info.plist; sourceTree = "<group>"; };
		ED3E7E9B220DFE2D00E7FE4E /* ShowWebViewController.swift */ = {isa = PBXFileReference; lastKnownFileType = sourcecode.swift; path = ShowWebViewController.swift; sourceTree = "<group>"; };
		ED3E7E9F220DFEED00E7FE4E /* Grade.swift */ = {isa = PBXFileReference; lastKnownFileType = sourcecode.swift; path = Grade.swift; sourceTree = "<group>"; };
/* End PBXFileReference section */

/* Begin PBXFrameworksBuildPhase section */
		ED3E7E67220DFDEC00E7FE4E /* Frameworks */ = {
			isa = PBXFrameworksBuildPhase;
			buildActionMask = 2147483647;
			files = (
				8AEDC41725891E569D8F0DB9 /* Pods_ScreenScraper.framework in Frameworks */,
			);
			runOnlyForDeploymentPostprocessing = 0;
		};
		ED3E7E7B220DFDF100E7FE4E /* Frameworks */ = {
			isa = PBXFrameworksBuildPhase;
			buildActionMask = 2147483647;
			files = (
			);
			runOnlyForDeploymentPostprocessing = 0;
		};
		ED3E7E86220DFDF100E7FE4E /* Frameworks */ = {
			isa = PBXFrameworksBuildPhase;
			buildActionMask = 2147483647;
			files = (
			);
			runOnlyForDeploymentPostprocessing = 0;
		};
/* End PBXFrameworksBuildPhase section */

/* Begin PBXGroup section */
		3091B44FB2CF0882F2BBEF6A /* Pods */ = {
			isa = PBXGroup;
			children = (
				E33CE124D7CF61670FA1A634 /* Pods-ScreenScraper.debug.xcconfig */,
				CF7A050F98BB8EC798655124 /* Pods-ScreenScraper.release.xcconfig */,
			);
			path = Pods;
			sourceTree = "<group>";
		};
		BD0C37ECC0D4581D54C42D3C /* Frameworks */ = {
			isa = PBXGroup;
			children = (
				B27B84B4D57DD99466EEDD65 /* Pods_ScreenScraper.framework */,
			);
			name = Frameworks;
			sourceTree = "<group>";
		};
		ED3E7E61220DFDEC00E7FE4E = {
			isa = PBXGroup;
			children = (
				ED3E7E6C220DFDEC00E7FE4E /* ScreenScraper */,
				ED3E7E81220DFDF100E7FE4E /* ScreenScraperTests */,
				ED3E7E8C220DFDF100E7FE4E /* ScreenScraperUITests */,
				ED3E7E6B220DFDEC00E7FE4E /* Products */,
				3091B44FB2CF0882F2BBEF6A /* Pods */,
				BD0C37ECC0D4581D54C42D3C /* Frameworks */,
			);
			sourceTree = "<group>";
		};
		ED3E7E6B220DFDEC00E7FE4E /* Products */ = {
			isa = PBXGroup;
			children = (
				ED3E7E6A220DFDEC00E7FE4E /* ScreenScraper.app */,
				ED3E7E7E220DFDF100E7FE4E /* ScreenScraperTests.xctest */,
				ED3E7E89220DFDF100E7FE4E /* ScreenScraperUITests.xctest */,
			);
			name = Products;
			sourceTree = "<group>";
		};
		ED3E7E6C220DFDEC00E7FE4E /* ScreenScraper */ = {
			isa = PBXGroup;
			children = (
				ED3E7E9F220DFEED00E7FE4E /* Grade.swift */,
				ED3E7E6D220DFDEC00E7FE4E /* AppDelegate.swift */,
				ED3E7E6F220DFDEC00E7FE4E /* ViewController.swift */,
				ED3E7E9B220DFE2D00E7FE4E /* ShowWebViewController.swift */,
				ED3E7E71220DFDEC00E7FE4E /* Main.storyboard */,
				ED3E7E74220DFDF100E7FE4E /* Assets.xcassets */,
				ED3E7E76220DFDF100E7FE4E /* LaunchScreen.storyboard */,
				ED3E7E79220DFDF100E7FE4E /* Info.plist */,
			);
			path = ScreenScraper;
			sourceTree = "<group>";
		};
		ED3E7E81220DFDF100E7FE4E /* ScreenScraperTests */ = {
			isa = PBXGroup;
			children = (
				ED3E7E82220DFDF100E7FE4E /* ScreenScraperTests.swift */,
				ED3E7E84220DFDF100E7FE4E /* Info.plist */,
			);
			path = ScreenScraperTests;
			sourceTree = "<group>";
		};
		ED3E7E8C220DFDF100E7FE4E /* ScreenScraperUITests */ = {
			isa = PBXGroup;
			children = (
				ED3E7E8D220DFDF100E7FE4E /* ScreenScraperUITests.swift */,
				ED3E7E8F220DFDF100E7FE4E /* Info.plist */,
			);
			path = ScreenScraperUITests;
			sourceTree = "<group>";
		};
/* End PBXGroup section */

/* Begin PBXNativeTarget section */
		ED3E7E69220DFDEC00E7FE4E /* ScreenScraper */ = {
			isa = PBXNativeTarget;
			buildConfigurationList = ED3E7E92220DFDF100E7FE4E /* Build configuration list for PBXNativeTarget "ScreenScraper" */;
			buildPhases = (
				3152D0F0143325E6D5EBCF44 /* [CP] Check Pods Manifest.lock */,
				ED3E7E66220DFDEC00E7FE4E /* Sources */,
				ED3E7E67220DFDEC00E7FE4E /* Frameworks */,
				ED3E7E68220DFDEC00E7FE4E /* Resources */,
				E5771E8F6F37521080FB7AB7 /* [CP] Embed Pods Frameworks */,
			);
			buildRules = (
			);
			dependencies = (
			);
			name = ScreenScraper;
			productName = ScreenScraper;
			productReference = ED3E7E6A220DFDEC00E7FE4E /* ScreenScraper.app */;
			productType = "com.apple.product-type.application";
		};
		ED3E7E7D220DFDF100E7FE4E /* ScreenScraperTests */ = {
			isa = PBXNativeTarget;
			buildConfigurationList = ED3E7E95220DFDF100E7FE4E /* Build configuration list for PBXNativeTarget "ScreenScraperTests" */;
			buildPhases = (
				ED3E7E7A220DFDF100E7FE4E /* Sources */,
				ED3E7E7B220DFDF100E7FE4E /* Frameworks */,
				ED3E7E7C220DFDF100E7FE4E /* Resources */,
			);
			buildRules = (
			);
			dependencies = (
				ED3E7E80220DFDF100E7FE4E /* PBXTargetDependency */,
			);
			name = ScreenScraperTests;
			productName = ScreenScraperTests;
			productReference = ED3E7E7E220DFDF100E7FE4E /* ScreenScraperTests.xctest */;
			productType = "com.apple.product-type.bundle.unit-test";
		};
		ED3E7E88220DFDF100E7FE4E /* ScreenScraperUITests */ = {
			isa = PBXNativeTarget;
			buildConfigurationList = ED3E7E98220DFDF100E7FE4E /* Build configuration list for PBXNativeTarget "ScreenScraperUITests" */;
			buildPhases = (
				ED3E7E85220DFDF100E7FE4E /* Sources */,
				ED3E7E86220DFDF100E7FE4E /* Frameworks */,
				ED3E7E87220DFDF100E7FE4E /* Resources */,
			);
			buildRules = (
			);
			dependencies = (
				ED3E7E8B220DFDF100E7FE4E /* PBXTargetDependency */,
			);
			name = ScreenScraperUITests;
			productName = ScreenScraperUITests;
			productReference = ED3E7E89220DFDF100E7FE4E /* ScreenScraperUITests.xctest */;
			productType = "com.apple.product-type.bundle.ui-testing";
		};
/* End PBXNativeTarget section */

/* Begin PBXProject section */
		ED3E7E62220DFDEC00E7FE4E /* Project object */ = {
			isa = PBXProject;
			attributes = {
				LastSwiftUpdateCheck = 1010;
				LastUpgradeCheck = 1010;
				ORGANIZATIONNAME = "Roldan Kramer (student LM)";
				TargetAttributes = {
					ED3E7E69220DFDEC00E7FE4E = {
						CreatedOnToolsVersion = 10.1;
					};
					ED3E7E7D220DFDF100E7FE4E = {
						CreatedOnToolsVersion = 10.1;
						TestTargetID = ED3E7E69220DFDEC00E7FE4E;
					};
					ED3E7E88220DFDF100E7FE4E = {
						CreatedOnToolsVersion = 10.1;
						TestTargetID = ED3E7E69220DFDEC00E7FE4E;
					};
				};
			};
			buildConfigurationList = ED3E7E65220DFDEC00E7FE4E /* Build configuration list for PBXProject "ScreenScraper" */;
			compatibilityVersion = "Xcode 9.3";
			developmentRegion = en;
			hasScannedForEncodings = 0;
			knownRegions = (
				en,
				Base,
			);
			mainGroup = ED3E7E61220DFDEC00E7FE4E;
			productRefGroup = ED3E7E6B220DFDEC00E7FE4E /* Products */;
			projectDirPath = "";
			projectRoot = "";
			targets = (
				ED3E7E69220DFDEC00E7FE4E /* ScreenScraper */,
				ED3E7E7D220DFDF100E7FE4E /* ScreenScraperTests */,
				ED3E7E88220DFDF100E7FE4E /* ScreenScraperUITests */,
			);
		};
/* End PBXProject section */

/* Begin PBXResourcesBuildPhase section */
		ED3E7E68220DFDEC00E7FE4E /* Resources */ = {
			isa = PBXResourcesBuildPhase;
			buildActionMask = 2147483647;
			files = (
				ED3E7E78220DFDF100E7FE4E /* LaunchScreen.storyboard in Resources */,
				ED3E7E75220DFDF100E7FE4E /* Assets.xcassets in Resources */,
				ED3E7E73220DFDEC00E7FE4E /* Main.storyboard in Resources */,
			);
			runOnlyForDeploymentPostprocessing = 0;
		};
		ED3E7E7C220DFDF100E7FE4E /* Resources */ = {
			isa = PBXResourcesBuildPhase;
			buildActionMask = 2147483647;
			files = (
			);
			runOnlyForDeploymentPostprocessing = 0;
		};
		ED3E7E87220DFDF100E7FE4E /* Resources */ = {
			isa = PBXResourcesBuildPhase;
			buildActionMask = 2147483647;
			files = (
			);
			runOnlyForDeploymentPostprocessing = 0;
		};
/* End PBXResourcesBuildPhase section */

/* Begin PBXShellScriptBuildPhase section */
		3152D0F0143325E6D5EBCF44 /* [CP] Check Pods Manifest.lock */ = {
			isa = PBXShellScriptBuildPhase;
			buildActionMask = 2147483647;
			files = (
			);
			inputFileListPaths = (
			);
			inputPaths = (
				"${PODS_PODFILE_DIR_PATH}/Podfile.lock",
				"${PODS_ROOT}/Manifest.lock",
			);
			name = "[CP] Check Pods Manifest.lock";
			outputFileListPaths = (
			);
			outputPaths = (
				"$(DERIVED_FILE_DIR)/Pods-ScreenScraper-checkManifestLockResult.txt",
			);
			runOnlyForDeploymentPostprocessing = 0;
			shellPath = /bin/sh;
			shellScript = "diff \"${PODS_PODFILE_DIR_PATH}/Podfile.lock\" \"${PODS_ROOT}/Manifest.lock\" > /dev/null\nif [ $? != 0 ] ; then\n    # print error to STDERR\n    echo \"error: The sandbox is not in sync with the Podfile.lock. Run 'pod install' or update your CocoaPods installation.\" >&2\n    exit 1\nfi\n# This output is used by Xcode 'outputs' to avoid re-running this script phase.\necho \"SUCCESS\" > \"${SCRIPT_OUTPUT_FILE_0}\"\n";
			showEnvVarsInLog = 0;
		};
		E5771E8F6F37521080FB7AB7 /* [CP] Embed Pods Frameworks */ = {
			isa = PBXShellScriptBuildPhase;
			buildActionMask = 2147483647;
			files = (
			);
			inputFileListPaths = (
			);
			inputPaths = (
				"${PODS_ROOT}/Target Support Files/Pods-ScreenScraper/Pods-ScreenScraper-frameworks.sh",
				"${BUILT_PRODUCTS_DIR}/Alamofire/Alamofire.framework",
				"${BUILT_PRODUCTS_DIR}/Kanna/Kanna.framework",
			);
			name = "[CP] Embed Pods Frameworks";
			outputFileListPaths = (
			);
			outputPaths = (
				"${TARGET_BUILD_DIR}/${FRAMEWORKS_FOLDER_PATH}/Alamofire.framework",
				"${TARGET_BUILD_DIR}/${FRAMEWORKS_FOLDER_PATH}/Kanna.framework",
			);
			runOnlyForDeploymentPostprocessing = 0;
			shellPath = /bin/sh;
			shellScript = "\"${PODS_ROOT}/Target Support Files/Pods-ScreenScraper/Pods-ScreenScraper-frameworks.sh\"\n";
			showEnvVarsInLog = 0;
		};
/* End PBXShellScriptBuildPhase section */

/* Begin PBXSourcesBuildPhase section */
		ED3E7E66220DFDEC00E7FE4E /* Sources */ = {
			isa = PBXSourcesBuildPhase;
			buildActionMask = 2147483647;
			files = (
				ED3E7E70220DFDEC00E7FE4E /* ViewController.swift in Sources */,
				ED3E7EA0220DFEED00E7FE4E /* Grade.swift in Sources */,
				ED3E7E6E220DFDEC00E7FE4E /* AppDelegate.swift in Sources */,
				ED3E7E9C220DFE2D00E7FE4E /* ShowWebViewController.swift in Sources */,
			);
			runOnlyForDeploymentPostprocessing = 0;
		};
		ED3E7E7A220DFDF100E7FE4E /* Sources */ = {
			isa = PBXSourcesBuildPhase;
			buildActionMask = 2147483647;
			files = (
				ED3E7E83220DFDF100E7FE4E /* ScreenScraperTests.swift in Sources */,
			);
			runOnlyForDeploymentPostprocessing = 0;
		};
		ED3E7E85220DFDF100E7FE4E /* Sources */ = {
			isa = PBXSourcesBuildPhase;
			buildActionMask = 2147483647;
			files = (
				ED3E7E8E220DFDF100E7FE4E /* ScreenScraperUITests.swift in Sources */,
			);
			runOnlyForDeploymentPostprocessing = 0;
		};
/* End PBXSourcesBuildPhase section */

/* Begin PBXTargetDependency section */
		ED3E7E80220DFDF100E7FE4E /* PBXTargetDependency */ = {
			isa = PBXTargetDependency;
			target = ED3E7E69220DFDEC00E7FE4E /* ScreenScraper */;
			targetProxy = ED3E7E7F220DFDF100E7FE4E /* PBXContainerItemProxy */;
		};
		ED3E7E8B220DFDF100E7FE4E /* PBXTargetDependency */ = {
			isa = PBXTargetDependency;
			target = ED3E7E69220DFDEC00E7FE4E /* ScreenScraper */;
			targetProxy = ED3E7E8A220DFDF100E7FE4E /* PBXContainerItemProxy */;
		};
/* End PBXTargetDependency section */

/* Begin PBXVariantGroup section */
		ED3E7E71220DFDEC00E7FE4E /* Main.storyboard */ = {
			isa = PBXVariantGroup;
			children = (
				ED3E7E72220DFDEC00E7FE4E /* Base */,
			);
			name = Main.storyboard;
			sourceTree = "<group>";
		};
		ED3E7E76220DFDF100E7FE4E /* LaunchScreen.storyboard */ = {
			isa = PBXVariantGroup;
			children = (
				ED3E7E77220DFDF100E7FE4E /* Base */,
			);
			name = LaunchScreen.storyboard;
			sourceTree = "<group>";
		};
/* End PBXVariantGroup section */

/* Begin XCBuildConfiguration section */
		ED3E7E90220DFDF100E7FE4E /* Debug */ = {
			isa = XCBuildConfiguration;
			buildSettings = {
				ALWAYS_SEARCH_USER_PATHS = NO;
				CLANG_ANALYZER_NONNULL = YES;
				CLANG_ANALYZER_NUMBER_OBJECT_CONVERSION = YES_AGGRESSIVE;
				CLANG_CXX_LANGUAGE_STANDARD = "gnu++14";
				CLANG_CXX_LIBRARY = "libc++";
				CLANG_ENABLE_MODULES = YES;
				CLANG_ENABLE_OBJC_ARC = YES;
				CLANG_ENABLE_OBJC_WEAK = YES;
				CLANG_WARN_BLOCK_CAPTURE_AUTORELEASING = YES;
				CLANG_WARN_BOOL_CONVERSION = YES;
				CLANG_WARN_COMMA = YES;
				CLANG_WARN_CONSTANT_CONVERSION = YES;
				CLANG_WARN_DEPRECATED_OBJC_IMPLEMENTATIONS = YES;
				CLANG_WARN_DIRECT_OBJC_ISA_USAGE = YES_ERROR;
				CLANG_WARN_DOCUMENTATION_COMMENTS = YES;
				CLANG_WARN_EMPTY_BODY = YES;
				CLANG_WARN_ENUM_CONVERSION = YES;
				CLANG_WARN_INFINITE_RECURSION = YES;
				CLANG_WARN_INT_CONVERSION = YES;
				CLANG_WARN_NON_LITERAL_NULL_CONVERSION = YES;
				CLANG_WARN_OBJC_IMPLICIT_RETAIN_SELF = YES;
				CLANG_WARN_OBJC_LITERAL_CONVERSION = YES;
				CLANG_WARN_OBJC_ROOT_CLASS = YES_ERROR;
				CLANG_WARN_RANGE_LOOP_ANALYSIS = YES;
				CLANG_WARN_STRICT_PROTOTYPES = YES;
				CLANG_WARN_SUSPICIOUS_MOVE = YES;
				CLANG_WARN_UNGUARDED_AVAILABILITY = YES_AGGRESSIVE;
				CLANG_WARN_UNREACHABLE_CODE = YES;
				CLANG_WARN__DUPLICATE_METHOD_MATCH = YES;
				CODE_SIGN_IDENTITY = "iPhone Developer";
				COPY_PHASE_STRIP = NO;
				DEBUG_INFORMATION_FORMAT = dwarf;
				ENABLE_STRICT_OBJC_MSGSEND = YES;
				ENABLE_TESTABILITY = YES;
				GCC_C_LANGUAGE_STANDARD = gnu11;
				GCC_DYNAMIC_NO_PIC = NO;
				GCC_NO_COMMON_BLOCKS = YES;
				GCC_OPTIMIZATION_LEVEL = 0;
				GCC_PREPROCESSOR_DEFINITIONS = (
					"DEBUG=1",
					"$(inherited)",
				);
				GCC_WARN_64_TO_32_BIT_CONVERSION = YES;
				GCC_WARN_ABOUT_RETURN_TYPE = YES_ERROR;
				GCC_WARN_UNDECLARED_SELECTOR = YES;
				GCC_WARN_UNINITIALIZED_AUTOS = YES_AGGRESSIVE;
				GCC_WARN_UNUSED_FUNCTION = YES;
				GCC_WARN_UNUSED_VARIABLE = YES;
				IPHONEOS_DEPLOYMENT_TARGET = 12.1;
				MTL_ENABLE_DEBUG_INFO = INCLUDE_SOURCE;
				MTL_FAST_MATH = YES;
				ONLY_ACTIVE_ARCH = YES;
				SDKROOT = iphoneos;
				SWIFT_ACTIVE_COMPILATION_CONDITIONS = DEBUG;
				SWIFT_OPTIMIZATION_LEVEL = "-Onone";
			};
			name = Debug;
		};
		ED3E7E91220DFDF100E7FE4E /* Release */ = {
			isa = XCBuildConfiguration;
			buildSettings = {
				ALWAYS_SEARCH_USER_PATHS = NO;
				CLANG_ANALYZER_NONNULL = YES;
				CLANG_ANALYZER_NUMBER_OBJECT_CONVERSION = YES_AGGRESSIVE;
				CLANG_CXX_LANGUAGE_STANDARD = "gnu++14";
				CLANG_CXX_LIBRARY = "libc++";
				CLANG_ENABLE_MODULES = YES;
				CLANG_ENABLE_OBJC_ARC = YES;
				CLANG_ENABLE_OBJC_WEAK = YES;
				CLANG_WARN_BLOCK_CAPTURE_AUTORELEASING = YES;
				CLANG_WARN_BOOL_CONVERSION = YES;
				CLANG_WARN_COMMA = YES;
				CLANG_WARN_CONSTANT_CONVERSION = YES;
				CLANG_WARN_DEPRECATED_OBJC_IMPLEMENTATIONS = YES;
				CLANG_WARN_DIRECT_OBJC_ISA_USAGE = YES_ERROR;
				CLANG_WARN_DOCUMENTATION_COMMENTS = YES;
				CLANG_WARN_EMPTY_BODY = YES;
				CLANG_WARN_ENUM_CONVERSION = YES;
				CLANG_WARN_INFINITE_RECURSION = YES;
				CLANG_WARN_INT_CONVERSION = YES;
				CLANG_WARN_NON_LITERAL_NULL_CONVERSION = YES;
				CLANG_WARN_OBJC_IMPLICIT_RETAIN_SELF = YES;
				CLANG_WARN_OBJC_LITERAL_CONVERSION = YES;
				CLANG_WARN_OBJC_ROOT_CLASS = YES_ERROR;
				CLANG_WARN_RANGE_LOOP_ANALYSIS = YES;
				CLANG_WARN_STRICT_PROTOTYPES = YES;
				CLANG_WARN_SUSPICIOUS_MOVE = YES;
				CLANG_WARN_UNGUARDED_AVAILABILITY = YES_AGGRESSIVE;
				CLANG_WARN_UNREACHABLE_CODE = YES;
				CLANG_WARN__DUPLICATE_METHOD_MATCH = YES;
				CODE_SIGN_IDENTITY = "iPhone Developer";
				COPY_PHASE_STRIP = NO;
				DEBUG_INFORMATION_FORMAT = "dwarf-with-dsym";
				ENABLE_NS_ASSERTIONS = NO;
				ENABLE_STRICT_OBJC_MSGSEND = YES;
				GCC_C_LANGUAGE_STANDARD = gnu11;
				GCC_NO_COMMON_BLOCKS = YES;
				GCC_WARN_64_TO_32_BIT_CONVERSION = YES;
				GCC_WARN_ABOUT_RETURN_TYPE = YES_ERROR;
				GCC_WARN_UNDECLARED_SELECTOR = YES;
				GCC_WARN_UNINITIALIZED_AUTOS = YES_AGGRESSIVE;
				GCC_WARN_UNUSED_FUNCTION = YES;
				GCC_WARN_UNUSED_VARIABLE = YES;
				IPHONEOS_DEPLOYMENT_TARGET = 12.1;
				MTL_ENABLE_DEBUG_INFO = NO;
				MTL_FAST_MATH = YES;
				SDKROOT = iphoneos;
				SWIFT_COMPILATION_MODE = wholemodule;
				SWIFT_OPTIMIZATION_LEVEL = "-O";
				VALIDATE_PRODUCT = YES;
			};
			name = Release;
		};
		ED3E7E93220DFDF100E7FE4E /* Debug */ = {
			isa = XCBuildConfiguration;
			baseConfigurationReference = E33CE124D7CF61670FA1A634 /* Pods-ScreenScraper.debug.xcconfig */;
			buildSettings = {
				ASSETCATALOG_COMPILER_APPICON_NAME = AppIcon;
				CODE_SIGN_STYLE = Automatic;
				INFOPLIST_FILE = ScreenScraper/Info.plist;
				LD_RUNPATH_SEARCH_PATHS = (
					"$(inherited)",
					"@executable_path/Frameworks",
				);
				PRODUCT_BUNDLE_IDENTIFIER = tango.ScreenScraper;
				PRODUCT_NAME = "$(TARGET_NAME)";
				SWIFT_VERSION = 4.2;
				TARGETED_DEVICE_FAMILY = "1,2";
			};
			name = Debug;
		};
		ED3E7E94220DFDF100E7FE4E /* Release */ = {
			isa = XCBuildConfiguration;
			baseConfigurationReference = CF7A050F98BB8EC798655124 /* Pods-ScreenScraper.release.xcconfig */;
			buildSettings = {
				ASSETCATALOG_COMPILER_APPICON_NAME = AppIcon;
				CODE_SIGN_STYLE = Automatic;
				INFOPLIST_FILE = ScreenScraper/Info.plist;
				LD_RUNPATH_SEARCH_PATHS = (
					"$(inherited)",
					"@executable_path/Frameworks",
				);
				PRODUCT_BUNDLE_IDENTIFIER = tango.ScreenScraper;
				PRODUCT_NAME = "$(TARGET_NAME)";
				SWIFT_VERSION = 4.2;
				TARGETED_DEVICE_FAMILY = "1,2";
			};
			name = Release;
		};
		ED3E7E96220DFDF100E7FE4E /* Debug */ = {
			isa = XCBuildConfiguration;
			buildSettings = {
				ALWAYS_EMBED_SWIFT_STANDARD_LIBRARIES = YES;
				BUNDLE_LOADER = "$(TEST_HOST)";
				CODE_SIGN_STYLE = Automatic;
				INFOPLIST_FILE = ScreenScraperTests/Info.plist;
				LD_RUNPATH_SEARCH_PATHS = (
					"$(inherited)",
					"@executable_path/Frameworks",
					"@loader_path/Frameworks",
				);
				PRODUCT_BUNDLE_IDENTIFIER = tango.ScreenScraperTests;
				PRODUCT_NAME = "$(TARGET_NAME)";
				SWIFT_VERSION = 4.2;
				TARGETED_DEVICE_FAMILY = "1,2";
				TEST_HOST = "$(BUILT_PRODUCTS_DIR)/ScreenScraper.app/ScreenScraper";
			};
			name = Debug;
		};
		ED3E7E97220DFDF100E7FE4E /* Release */ = {
			isa = XCBuildConfiguration;
			buildSettings = {
				ALWAYS_EMBED_SWIFT_STANDARD_LIBRARIES = YES;
				BUNDLE_LOADER = "$(TEST_HOST)";
				CODE_SIGN_STYLE = Automatic;
				INFOPLIST_FILE = ScreenScraperTests/Info.plist;
				LD_RUNPATH_SEARCH_PATHS = (
					"$(inherited)",
					"@executable_path/Frameworks",
					"@loader_path/Frameworks",
				);
				PRODUCT_BUNDLE_IDENTIFIER = tango.ScreenScraperTests;
				PRODUCT_NAME = "$(TARGET_NAME)";
				SWIFT_VERSION = 4.2;
				TARGETED_DEVICE_FAMILY = "1,2";
				TEST_HOST = "$(BUILT_PRODUCTS_DIR)/ScreenScraper.app/ScreenScraper";
			};
			name = Release;
		};
		ED3E7E99220DFDF100E7FE4E /* Debug */ = {
			isa = XCBuildConfiguration;
			buildSettings = {
				ALWAYS_EMBED_SWIFT_STANDARD_LIBRARIES = YES;
				CODE_SIGN_STYLE = Automatic;
				INFOPLIST_FILE = ScreenScraperUITests/Info.plist;
				LD_RUNPATH_SEARCH_PATHS = (
					"$(inherited)",
					"@executable_path/Frameworks",
					"@loader_path/Frameworks",
				);
				PRODUCT_BUNDLE_IDENTIFIER = tango.ScreenScraperUITests;
				PRODUCT_NAME = "$(TARGET_NAME)";
				SWIFT_VERSION = 4.2;
				TARGETED_DEVICE_FAMILY = "1,2";
				TEST_TARGET_NAME = ScreenScraper;
			};
			name = Debug;
		};
		ED3E7E9A220DFDF100E7FE4E /* Release */ = {
			isa = XCBuildConfiguration;
			buildSettings = {
				ALWAYS_EMBED_SWIFT_STANDARD_LIBRARIES = YES;
				CODE_SIGN_STYLE = Automatic;
				INFOPLIST_FILE = ScreenScraperUITests/Info.plist;
				LD_RUNPATH_SEARCH_PATHS = (
					"$(inherited)",
					"@executable_path/Frameworks",
					"@loader_path/Frameworks",
				);
				PRODUCT_BUNDLE_IDENTIFIER = tango.ScreenScraperUITests;
				PRODUCT_NAME = "$(TARGET_NAME)";
				SWIFT_VERSION = 4.2;
				TARGETED_DEVICE_FAMILY = "1,2";
				TEST_TARGET_NAME = ScreenScraper;
			};
			name = Release;
		};
/* End XCBuildConfiguration section */

/* Begin XCConfigurationList section */
		ED3E7E65220DFDEC00E7FE4E /* Build configuration list for PBXProject "ScreenScraper" */ = {
			isa = XCConfigurationList;
			buildConfigurations = (
				ED3E7E90220DFDF100E7FE4E /* Debug */,
				ED3E7E91220DFDF100E7FE4E /* Release */,
			);
			defaultConfigurationIsVisible = 0;
			defaultConfigurationName = Release;
		};
		ED3E7E92220DFDF100E7FE4E /* Build configuration list for PBXNativeTarget "ScreenScraper" */ = {
			isa = XCConfigurationList;
			buildConfigurations = (
				ED3E7E93220DFDF100E7FE4E /* Debug */,
				ED3E7E94220DFDF100E7FE4E /* Release */,
			);
			defaultConfigurationIsVisible = 0;
			defaultConfigurationName = Release;
		};
		ED3E7E95220DFDF100E7FE4E /* Build configuration list for PBXNativeTarget "ScreenScraperTests" */ = {
			isa = XCConfigurationList;
			buildConfigurations = (
				ED3E7E96220DFDF100E7FE4E /* Debug */,
				ED3E7E97220DFDF100E7FE4E /* Release */,
			);
			defaultConfigurationIsVisible = 0;
			defaultConfigurationName = Release;
		};
		ED3E7E98220DFDF100E7FE4E /* Build configuration list for PBXNativeTarget "ScreenScraperUITests" */ = {
			isa = XCConfigurationList;
			buildConfigurations = (
				ED3E7E99220DFDF100E7FE4E /* Debug */,
				ED3E7E9A220DFDF100E7FE4E /* Release */,
			);
			defaultConfigurationIsVisible = 0;
			defaultConfigurationName = Release;
		};
/* End XCConfigurationList section */
	};
	rootObject = ED3E7E62220DFDEC00E7FE4E /* Project object */;
}
